
Microsoft Visual Studio Solution File, Format Version 12.00
# Visual Studio 15
Project("{FAE04EC0-301F-11D3-BF4B-00C04F79EFBC}") = "LaConfédérationdesGrosGeeks-LCDGG", "LaConfédérationdesGrosGeeks-LCDGG\LaConfédérationdesGrosGeeks-LCDGG.csproj", "{EEA43A91-927D-4B3A-89C8-B200B3C0528E}"
EndProject
Global
	GlobalSection(SolutionConfigurationPlatforms) = preSolution
		Debug|Any CPU = Debug|Any CPU
		Release|Any CPU = Release|Any CPU
	EndGlobalSection
	GlobalSection(ProjectConfigurationPlatforms) = postSolution
		{EEA43A91-927D-4B3A-89C8-B200B3C0528E}.Debug|Any CPU.ActiveCfg = Debug|Any CPU
		{EEA43A91-927D-4B3A-89C8-B200B3C0528E}.Debug|Any CPU.Build.0 = Debug|Any CPU
		{EEA43A91-927D-4B3A-89C8-B200B3C0528E}.Release|Any CPU.ActiveCfg = Release|Any CPU
		{EEA43A91-927D-4B3A-89C8-B200B3C0528E}.Release|Any CPU.Build.0 = Release|Any CPU
	EndGlobalSection
EndGlobal
